
Microsoft Visual Studio Solution File, Format Version 12.00
#
Project("{FAE04EC0-301F-11D3-BF4B-00C04F79EFBC}") = "App", "App\App.csproj", "{7904D0C5-0A75-490C-84E9-BEBC9456D615}"
EndProject
Project("{FAE04EC0-301F-11D3-BF4B-00C04F79EFBC}") = "App.test", "App.test\App.test.csproj", "{404E316A-BC1E-4FC5-A4C6-414EFF03D35A}"
EndProject
Project("{FAE04EC0-301F-11D3-BF4B-00C04F79EFBC}") = "App.integration.test", "App.integration.test\App.integration.test.csproj", "{C46A7545-946B-4268-8693-0300FD2DCDF8}"
EndProject
Global
	GlobalSection(SolutionConfigurationPlatforms) = preSolution
		Debug|Any CPU = Debug|Any CPU
		Release|Any CPU = Release|Any CPU
	EndGlobalSection
	GlobalSection(ProjectConfigurationPlatforms) = postSolution
		{7904D0C5-0A75-490C-84E9-BEBC9456D615}.Debug|Any CPU.ActiveCfg = Debug|Any CPU
		{7904D0C5-0A75-490C-84E9-BEBC9456D615}.Debug|Any CPU.Build.0 = Debug|Any CPU
		{7904D0C5-0A75-490C-84E9-BEBC9456D615}.Release|Any CPU.ActiveCfg = Release|Any CPU
		{7904D0C5-0A75-490C-84E9-BEBC9456D615}.Release|Any CPU.Build.0 = Release|Any CPU
		{404E316A-BC1E-4FC5-A4C6-414EFF03D35A}.Debug|Any CPU.ActiveCfg = Debug|Any CPU
		{404E316A-BC1E-4FC5-A4C6-414EFF03D35A}.Debug|Any CPU.Build.0 = Debug|Any CPU
		{404E316A-BC1E-4FC5-A4C6-414EFF03D35A}.Release|Any CPU.ActiveCfg = Release|Any CPU
		{404E316A-BC1E-4FC5-A4C6-414EFF03D35A}.Release|Any CPU.Build.0 = Release|Any CPU
		{C46A7545-946B-4268-8693-0300FD2DCDF8}.Debug|Any CPU.ActiveCfg = Debug|Any CPU
		{C46A7545-946B-4268-8693-0300FD2DCDF8}.Debug|Any CPU.Build.0 = Debug|Any CPU
		{C46A7545-946B-4268-8693-0300FD2DCDF8}.Release|Any CPU.ActiveCfg = Release|Any CPU
		{C46A7545-946B-4268-8693-0300FD2DCDF8}.Release|Any CPU.Build.0 = Release|Any CPU
	EndGlobalSection
EndGlobal
